
Microsoft Visual Studio Solution File, Format Version 12.00
# Visual Studio Version 16
VisualStudioVersion = 16.0.31605.320
MinimumVisualStudioVersion = 10.0.40219.1
Project("{9A19103F-16F7-4668-BE54-9A1E7A4F7556}") = "HSTUTU_HFT_2021221.Client", "HSTUTU_HFT_2021221.Client.csproj", "{263E7799-3CD1-4191-B18F-0B80B0F48151}"
EndProject
Project("{9A19103F-16F7-4668-BE54-9A1E7A4F7556}") = "HSTUTU_HFT_2021221.Models", "HSTUTU_HFT_2021221.Models\HSTUTU_HFT_2021221.Models.csproj", "{5185DEBA-F262-4107-A5E9-5E2395BE40AF}"
EndProject
Project("{9A19103F-16F7-4668-BE54-9A1E7A4F7556}") = "HSTUTU_HFT_2021221.Data", "HSTUTU_HFT_2021221.Data\HSTUTU_HFT_2021221.Data.csproj", "{FDB39D53-E2A2-4E74-978E-1B6A7B24EC08}"
EndProject
Project("{9A19103F-16F7-4668-BE54-9A1E7A4F7556}") = "HSTUTU_HFT_2021221.Logic", "HSTUTU_HFT_2021221.Logic\HSTUTU_HFT_2021221.Logic.csproj", "{461F5804-F5DE-4CD3-9448-9311DB744CFF}"
EndProject
Project("{9A19103F-16F7-4668-BE54-9A1E7A4F7556}") = "HSTUTU_HFT_2021221.Endpoint", "HSTUTU_HFT_2021221.Endpoint\HSTUTU_HFT_2021221.Endpoint.csproj", "{4C470CA1-DBE7-422E-AC93-01D9E4FCF94F}"
EndProject
Project("{9A19103F-16F7-4668-BE54-9A1E7A4F7556}") = "HSTUTU_HFT_2021221.Test", "HSTUTU_HFT_2021221.Test\HSTUTU_HFT_2021221.Test.csproj", "{996C5B77-9766-4A14-A4F5-9F3ADAB6BE68}"
EndProject
Project("{9A19103F-16F7-4668-BE54-9A1E7A4F7556}") = "HSTUTU_HFT_2021221.Repository", "HSTUTU_HFT_2021221.Repository\HSTUTU_HFT_2021221.Repository.csproj", "{BBCEC384-DB2C-49F4-B6CF-9FFD3E5DEEA9}"
EndProject
Global
	GlobalSection(SolutionConfigurationPlatforms) = preSolution
		Debug|Any CPU = Debug|Any CPU
		Release|Any CPU = Release|Any CPU
	EndGlobalSection
	GlobalSection(ProjectConfigurationPlatforms) = postSolution
		{263E7799-3CD1-4191-B18F-0B80B0F48151}.Debug|Any CPU.ActiveCfg = Debug|Any CPU
		{263E7799-3CD1-4191-B18F-0B80B0F48151}.Debug|Any CPU.Build.0 = Debug|Any CPU
		{263E7799-3CD1-4191-B18F-0B80B0F48151}.Release|Any CPU.ActiveCfg = Release|Any CPU
		{263E7799-3CD1-4191-B18F-0B80B0F48151}.Release|Any CPU.Build.0 = Release|Any CPU
		{5185DEBA-F262-4107-A5E9-5E2395BE40AF}.Debug|Any CPU.ActiveCfg = Debug|Any CPU
		{5185DEBA-F262-4107-A5E9-5E2395BE40AF}.Debug|Any CPU.Build.0 = Debug|Any CPU
		{5185DEBA-F262-4107-A5E9-5E2395BE40AF}.Release|Any CPU.ActiveCfg = Release|Any CPU
		{5185DEBA-F262-4107-A5E9-5E2395BE40AF}.Release|Any CPU.Build.0 = Release|Any CPU
		{FDB39D53-E2A2-4E74-978E-1B6A7B24EC08}.Debug|Any CPU.ActiveCfg = Debug|Any CPU
		{FDB39D53-E2A2-4E74-978E-1B6A7B24EC08}.Debug|Any CPU.Build.0 = Debug|Any CPU
		{FDB39D53-E2A2-4E74-978E-1B6A7B24EC08}.Release|Any CPU.ActiveCfg = Release|Any CPU
		{FDB39D53-E2A2-4E74-978E-1B6A7B24EC08}.Release|Any CPU.Build.0 = Release|Any CPU
		{461F5804-F5DE-4CD3-9448-9311DB744CFF}.Debug|Any CPU.ActiveCfg = Debug|Any CPU
		{461F5804-F5DE-4CD3-9448-9311DB744CFF}.Debug|Any CPU.Build.0 = Debug|Any CPU
		{461F5804-F5DE-4CD3-9448-9311DB744CFF}.Release|Any CPU.ActiveCfg = Release|Any CPU
		{461F5804-F5DE-4CD3-9448-9311DB744CFF}.Release|Any CPU.Build.0 = Release|Any CPU
		{4C470CA1-DBE7-422E-AC93-01D9E4FCF94F}.Debug|Any CPU.ActiveCfg = Debug|Any CPU
		{4C470CA1-DBE7-422E-AC93-01D9E4FCF94F}.Debug|Any CPU.Build.0 = Debug|Any CPU
		{4C470CA1-DBE7-422E-AC93-01D9E4FCF94F}.Release|Any CPU.ActiveCfg = Release|Any CPU
		{4C470CA1-DBE7-422E-AC93-01D9E4FCF94F}.Release|Any CPU.Build.0 = Release|Any CPU
		{996C5B77-9766-4A14-A4F5-9F3ADAB6BE68}.Debug|Any CPU.ActiveCfg = Debug|Any CPU
		{996C5B77-9766-4A14-A4F5-9F3ADAB6BE68}.Debug|Any CPU.Build.0 = Debug|Any CPU
		{996C5B77-9766-4A14-A4F5-9F3ADAB6BE68}.Release|Any CPU.ActiveCfg = Release|Any CPU
		{996C5B77-9766-4A14-A4F5-9F3ADAB6BE68}.Release|Any CPU.Build.0 = Release|Any CPU
		{BBCEC384-DB2C-49F4-B6CF-9FFD3E5DEEA9}.Debug|Any CPU.ActiveCfg = Debug|Any CPU
		{BBCEC384-DB2C-49F4-B6CF-9FFD3E5DEEA9}.Debug|Any CPU.Build.0 = Debug|Any CPU
		{BBCEC384-DB2C-49F4-B6CF-9FFD3E5DEEA9}.Release|Any CPU.ActiveCfg = Release|Any CPU
		{BBCEC384-DB2C-49F4-B6CF-9FFD3E5DEEA9}.Release|Any CPU.Build.0 = Release|Any CPU
	EndGlobalSection
	GlobalSection(SolutionProperties) = preSolution
		HideSolutionNode = FALSE
	EndGlobalSection
	GlobalSection(ExtensibilityGlobals) = postSolution
		SolutionGuid = {1B19E9BB-E73D-42A6-A005-9534493068EA}
	EndGlobalSection
EndGlobal
